{
  "originHash" : "d1d55cdb8377d6fdd4b51177b9981b986e7d0c8291442e0f1c2adf9302cdd147",
  "pins" : [
    {
      "identity" : "capacitor-swift-pm",
      "kind" : "remoteSourceControl",
      "location" : "https://github.com/ionic-team/capacitor-swift-pm.git",
      "state" : {
        "revision" : "0e862e6ff13852a710c8a484180ca4d6a2cc9761",
        "version" : "8.2.0"
      }
    }
  ],
  "version" : 3
}
